
Microsoft Visual Studio Solution File, Format Version 12.00
# Visual Studio 2012
Project("{FAE04EC0-301F-11D3-BF4B-00C04F79EFBC}") = "Auth0MVC4", "Auth0MVC4\Auth0MVC4.csproj", "{930A06FF-0296-4716-923D-342C360B6745}"
EndProject
Project("{FAE04EC0-301F-11D3-BF4B-00C04F79EFBC}") = "MVC4SS", "MVC4SS\MVC4SS.csproj", "{8D0984B5-D914-42D3-9030-3F4EF438227A}"
EndProject
Global
	GlobalSection(SolutionConfigurationPlatforms) = preSolution
		Debug|Any CPU = Debug|Any CPU
		Release|Any CPU = Release|Any CPU
	EndGlobalSection
	GlobalSection(ProjectConfigurationPlatforms) = postSolution
		{930A06FF-0296-4716-923D-342C360B6745}.Debug|Any CPU.ActiveCfg = Debug|Any CPU
		{930A06FF-0296-4716-923D-342C360B6745}.Debug|Any CPU.Build.0 = Debug|Any CPU
		{930A06FF-0296-4716-923D-342C360B6745}.Release|Any CPU.ActiveCfg = Release|Any CPU
		{930A06FF-0296-4716-923D-342C360B6745}.Release|Any CPU.Build.0 = Release|Any CPU
		{8D0984B5-D914-42D3-9030-3F4EF438227A}.Debug|Any CPU.ActiveCfg = Debug|Any CPU
		{8D0984B5-D914-42D3-9030-3F4EF438227A}.Debug|Any CPU.Build.0 = Debug|Any CPU
		{8D0984B5-D914-42D3-9030-3F4EF438227A}.Release|Any CPU.ActiveCfg = Release|Any CPU
		{8D0984B5-D914-42D3-9030-3F4EF438227A}.Release|Any CPU.Build.0 = Release|Any CPU
	EndGlobalSection
	GlobalSection(SolutionProperties) = preSolution
		HideSolutionNode = FALSE
	EndGlobalSection
EndGlobal
